// !$*UTF8*$!
{
	archiveVersion = 1;
	classes = {
	};
	objectVersion = 46;
	objects = {

/* Begin PBXBuildFile section */
		AE59513E1C4903B0001D8232 /* Alamofire.framework in Frameworks */ = {isa = PBXBuildFile; fileRef = AE59513D1C4903B0001D8232 /* Alamofire.framework */; };
		AE5951451C49059D001D8232 /* Nimble.framework in Frameworks */ = {isa = PBXBuildFile; fileRef = AE59513F1C4903B4001D8232 /* Nimble.framework */; };
		AE5951461C49059D001D8232 /* Quick.framework in Frameworks */ = {isa = PBXBuildFile; fileRef = AE5951411C4903B7001D8232 /* Quick.framework */; };
		AE59514A1C490606001D8232 /* Nimble.framework in CopyFiles */ = {isa = PBXBuildFile; fileRef = AE5951481C490606001D8232 /* Nimble.framework */; settings = {ATTRIBUTES = (CodeSignOnCopy, RemoveHeadersOnCopy, ); }; };
		AE59514B1C490606001D8232 /* Quick.framework in CopyFiles */ = {isa = PBXBuildFile; fileRef = AE5951491C490606001D8232 /* Quick.framework */; settings = {ATTRIBUTES = (CodeSignOnCopy, RemoveHeadersOnCopy, ); }; };
		AE73FF371C4E405A00200CA5 /* TodosTableViewController.swift in Sources */ = {isa = PBXBuildFile; fileRef = AE73FF361C4E405A00200CA5 /* TodosTableViewController.swift */; };
		AE73FF391C4E489400200CA5 /* AddViewController.swift in Sources */ = {isa = PBXBuildFile; fileRef = AE73FF381C4E489400200CA5 /* AddViewController.swift */; };
		AE73FF3B1C4E66A000200CA5 /* DetailsViewController.swift in Sources */ = {isa = PBXBuildFile; fileRef = AE73FF3A1C4E66A000200CA5 /* DetailsViewController.swift */; };
		AEB94A551C48F46700390BB6 /* AppDelegate.swift in Sources */ = {isa = PBXBuildFile; fileRef = AEB94A541C48F46700390BB6 /* AppDelegate.swift */; };
		AEB94A5A1C48F46700390BB6 /* Main.storyboard in Resources */ = {isa = PBXBuildFile; fileRef = AEB94A581C48F46700390BB6 /* Main.storyboard */; };
		AEB94A5C1C48F46700390BB6 /* Assets.xcassets in Resources */ = {isa = PBXBuildFile; fileRef = AEB94A5B1C48F46700390BB6 /* Assets.xcassets */; };
		AEB94A5F1C48F46700390BB6 /* LaunchScreen.storyboard in Resources */ = {isa = PBXBuildFile; fileRef = AEB94A5D1C48F46700390BB6 /* LaunchScreen.storyboard */; };
		AEB94A6A1C48F46700390BB6 /* SwiftListTests.swift in Sources */ = {isa = PBXBuildFile; fileRef = AEB94A691C48F46700390BB6 /* SwiftListTests.swift */; };
		AEB94A751C48F46700390BB6 /* SwiftListUITests.swift in Sources */ = {isa = PBXBuildFile; fileRef = AEB94A741C48F46700390BB6 /* SwiftListUITests.swift */; };
		AEDB87441C4CEEAC00050BC8 /* TodoDelegate.swift in Sources */ = {isa = PBXBuildFile; fileRef = AEDB87431C4CEEAC00050BC8 /* TodoDelegate.swift */; };
		AEDB87461C4D12FF00050BC8 /* OHHTTPStubs.framework in Frameworks */ = {isa = PBXBuildFile; fileRef = AEE0CF791C49452F006C448A /* OHHTTPStubs.framework */; };
		AEDB87481C4D130800050BC8 /* OHHTTPStubs.framework in CopyFiles */ = {isa = PBXBuildFile; fileRef = AEDB87471C4D130800050BC8 /* OHHTTPStubs.framework */; settings = {ATTRIBUTES = (CodeSignOnCopy, RemoveHeadersOnCopy, ); }; };
		AEE0CF731C49155B006C448A /* Todo.swift in Sources */ = {isa = PBXBuildFile; fileRef = AEE0CF721C49155B006C448A /* Todo.swift */; };
		AEE0CF761C491A1B006C448A /* TodoService.swift in Sources */ = {isa = PBXBuildFile; fileRef = AEE0CF751C491A1B006C448A /* TodoService.swift */; };
		AEE0CF781C491A5C006C448A /* TodoServiceTests.swift in Sources */ = {isa = PBXBuildFile; fileRef = AEE0CF771C491A5C006C448A /* TodoServiceTests.swift */; };
/* End PBXBuildFile section */

/* Begin PBXContainerItemProxy section */
		AEB94A661C48F46700390BB6 /* PBXContainerItemProxy */ = {
			isa = PBXContainerItemProxy;
			containerPortal = AEB94A491C48F46700390BB6 /* Project object */;
			proxyType = 1;
			remoteGlobalIDString = AEB94A501C48F46700390BB6;
			remoteInfo = SwiftList;
		};
		AEB94A711C48F46700390BB6 /* PBXContainerItemProxy */ = {
			isa = PBXContainerItemProxy;
			containerPortal = AEB94A491C48F46700390BB6 /* Project object */;
			proxyType = 1;
			remoteGlobalIDString = AEB94A501C48F46700390BB6;
			remoteInfo = SwiftList;
		};
/* End PBXContainerItemProxy section */

/* Begin PBXCopyFilesBuildPhase section */
		AE5951471C4905CD001D8232 /* CopyFiles */ = {
			isa = PBXCopyFilesBuildPhase;
			buildActionMask = 2147483647;
			dstPath = "";
			dstSubfolderSpec = 10;
			files = (
				AE59514A1C490606001D8232 /* Nimble.framework in CopyFiles */,
				AE59514B1C490606001D8232 /* Quick.framework in CopyFiles */,
				AEDB87481C4D130800050BC8 /* OHHTTPStubs.framework in CopyFiles */,
			);
			runOnlyForDeploymentPostprocessing = 0;
		};
/* End PBXCopyFilesBuildPhase section */

/* Begin PBXFileReference section */
		AE59513D1C4903B0001D8232 /* Alamofire.framework */ = {isa = PBXFileReference; lastKnownFileType = wrapper.framework; name = Alamofire.framework; path = Carthage/Build/iOS/Alamofire.framework; sourceTree = "<group>"; };
		AE59513F1C4903B4001D8232 /* Nimble.framework */ = {isa = PBXFileReference; lastKnownFileType = wrapper.framework; name = Nimble.framework; path = Carthage/Build/iOS/Nimble.framework; sourceTree = "<group>"; };
		AE5951411C4903B7001D8232 /* Quick.framework */ = {isa = PBXFileReference; lastKnownFileType = wrapper.framework; name = Quick.framework; path = Carthage/Build/iOS/Quick.framework; sourceTree = "<group>"; };
		AE5951481C490606001D8232 /* Nimble.framework */ = {isa = PBXFileReference; lastKnownFileType = wrapper.framework; name = Nimble.framework; path = Carthage/Build/iOS/Nimble.framework; sourceTree = "<group>"; };
		AE5951491C490606001D8232 /* Quick.framework */ = {isa = PBXFileReference; lastKnownFileType = wrapper.framework; name = Quick.framework; path = Carthage/Build/iOS/Quick.framework; sourceTree = "<group>"; };
		AE73FF361C4E405A00200CA5 /* TodosTableViewController.swift */ = {isa = PBXFileReference; fileEncoding = 4; lastKnownFileType = sourcecode.swift; path = TodosTableViewController.swift; sourceTree = "<group>"; };
		AE73FF381C4E489400200CA5 /* AddViewController.swift */ = {isa = PBXFileReference; fileEncoding = 4; lastKnownFileType = sourcecode.swift; path = AddViewController.swift; sourceTree = "<group>"; };
		AE73FF3A1C4E66A000200CA5 /* DetailsViewController.swift */ = {isa = PBXFileReference; fileEncoding = 4; lastKnownFileType = sourcecode.swift; path = DetailsViewController.swift; sourceTree = "<group>"; };
		AEB94A511C48F46700390BB6 /* SwiftList.app */ = {isa = PBXFileReference; explicitFileType = wrapper.application; includeInIndex = 0; path = SwiftList.app; sourceTree = BUILT_PRODUCTS_DIR; };
		AEB94A541C48F46700390BB6 /* AppDelegate.swift */ = {isa = PBXFileReference; lastKnownFileType = sourcecode.swift; path = AppDelegate.swift; sourceTree = "<group>"; };
		AEB94A591C48F46700390BB6 /* Base */ = {isa = PBXFileReference; lastKnownFileType = file.storyboard; name = Base; path = Base.lproj/Main.storyboard; sourceTree = "<group>"; };
		AEB94A5B1C48F46700390BB6 /* Assets.xcassets */ = {isa = PBXFileReference; lastKnownFileType = folder.assetcatalog; path = Assets.xcassets; sourceTree = "<group>"; };
		AEB94A5E1C48F46700390BB6 /* Base */ = {isa = PBXFileReference; lastKnownFileType = file.storyboard; name = Base; path = Base.lproj/LaunchScreen.storyboard; sourceTree = "<group>"; };
		AEB94A601C48F46700390BB6 /* Info.plist */ = {isa = PBXFileReference; lastKnownFileType = text.plist.xml; path = Info.plist; sourceTree = "<group>"; };
		AEB94A651C48F46700390BB6 /* SwiftListTests.xctest */ = {isa = PBXFileReference; explicitFileType = wrapper.cfbundle; includeInIndex = 0; path = SwiftListTests.xctest; sourceTree = BUILT_PRODUCTS_DIR; };
		AEB94A691C48F46700390BB6 /* SwiftListTests.swift */ = {isa = PBXFileReference; lastKnownFileType = sourcecode.swift; path = SwiftListTests.swift; sourceTree = "<group>"; };
		AEB94A6B1C48F46700390BB6 /* Info.plist */ = {isa = PBXFileReference; lastKnownFileType = text.plist.xml; path = Info.plist; sourceTree = "<group>"; };
		AEB94A701C48F46700390BB6 /* SwiftListUITests.xctest */ = {isa = PBXFileReference; explicitFileType = wrapper.cfbundle; includeInIndex = 0; path = SwiftListUITests.xctest; sourceTree = BUILT_PRODUCTS_DIR; };
		AEB94A741C48F46700390BB6 /* SwiftListUITests.swift */ = {isa = PBXFileReference; lastKnownFileType = sourcecode.swift; path = SwiftListUITests.swift; sourceTree = "<group>"; };
		AEB94A761C48F46700390BB6 /* Info.plist */ = {isa = PBXFileReference; lastKnownFileType = text.plist.xml; path = Info.plist; sourceTree = "<group>"; };
		AEDB87431C4CEEAC00050BC8 /* TodoDelegate.swift */ = {isa = PBXFileReference; fileEncoding = 4; lastKnownFileType = sourcecode.swift; path = TodoDelegate.swift; sourceTree = "<group>"; };
		AEDB87471C4D130800050BC8 /* OHHTTPStubs.framework */ = {isa = PBXFileReference; lastKnownFileType = wrapper.framework; name = OHHTTPStubs.framework; path = Carthage/Build/iOS/OHHTTPStubs.framework; sourceTree = "<group>"; };
		AEE0CF721C49155B006C448A /* Todo.swift */ = {isa = PBXFileReference; fileEncoding = 4; lastKnownFileType = sourcecode.swift; path = Todo.swift; sourceTree = "<group>"; };
		AEE0CF751C491A1B006C448A /* TodoService.swift */ = {isa = PBXFileReference; fileEncoding = 4; lastKnownFileType = sourcecode.swift; path = TodoService.swift; sourceTree = "<group>"; };
		AEE0CF771C491A5C006C448A /* TodoServiceTests.swift */ = {isa = PBXFileReference; fileEncoding = 4; lastKnownFileType = sourcecode.swift; path = TodoServiceTests.swift; sourceTree = "<group>"; };
		AEE0CF791C49452F006C448A /* OHHTTPStubs.framework */ = {isa = PBXFileReference; lastKnownFileType = wrapper.framework; name = OHHTTPStubs.framework; path = Carthage/Build/iOS/OHHTTPStubs.framework; sourceTree = "<group>"; };
		AEE0CF7B1C4967DC006C448A /* OHHTTPStubs.framework */ = {isa = PBXFileReference; lastKnownFileType = wrapper.framework; name = OHHTTPStubs.framework; path = Carthage/Build/iOS/OHHTTPStubs.framework; sourceTree = "<group>"; };
/* End PBXFileReference section */

/* Begin PBXFrameworksBuildPhase section */
		AEB94A4E1C48F46700390BB6 /* Frameworks */ = {
			isa = PBXFrameworksBuildPhase;
			buildActionMask = 2147483647;
			files = (
				AE59513E1C4903B0001D8232 /* Alamofire.framework in Frameworks */,
			);
			runOnlyForDeploymentPostprocessing = 0;
		};
		AEB94A621C48F46700390BB6 /* Frameworks */ = {
			isa = PBXFrameworksBuildPhase;
			buildActionMask = 2147483647;
			files = (
				AE5951451C49059D001D8232 /* Nimble.framework in Frameworks */,
				AE5951461C49059D001D8232 /* Quick.framework in Frameworks */,
				AEDB87461C4D12FF00050BC8 /* OHHTTPStubs.framework in Frameworks */,
			);
			runOnlyForDeploymentPostprocessing = 0;
		};
		AEB94A6D1C48F46700390BB6 /* Frameworks */ = {
			isa = PBXFrameworksBuildPhase;
			buildActionMask = 2147483647;
			files = (
			);
			runOnlyForDeploymentPostprocessing = 0;
		};
/* End PBXFrameworksBuildPhase section */

/* Begin PBXGroup section */
		AEB94A481C48F46700390BB6 = {
			isa = PBXGroup;
			children = (
				AEDB87471C4D130800050BC8 /* OHHTTPStubs.framework */,
				AEE0CF7B1C4967DC006C448A /* OHHTTPStubs.framework */,
				AEE0CF791C49452F006C448A /* OHHTTPStubs.framework */,
				AE5951481C490606001D8232 /* Nimble.framework */,
				AE5951491C490606001D8232 /* Quick.framework */,
				AE5951411C4903B7001D8232 /* Quick.framework */,
				AE59513F1C4903B4001D8232 /* Nimble.framework */,
				AE59513D1C4903B0001D8232 /* Alamofire.framework */,
				AEB94A531C48F46700390BB6 /* SwiftList */,
				AEB94A681C48F46700390BB6 /* SwiftListTests */,
				AEB94A731C48F46700390BB6 /* SwiftListUITests */,
				AEB94A521C48F46700390BB6 /* Products */,
			);
			sourceTree = "<group>";
		};
		AEB94A521C48F46700390BB6 /* Products */ = {
			isa = PBXGroup;
			children = (
				AEB94A511C48F46700390BB6 /* SwiftList.app */,
				AEB94A651C48F46700390BB6 /* SwiftListTests.xctest */,
				AEB94A701C48F46700390BB6 /* SwiftListUITests.xctest */,
			);
			name = Products;
			sourceTree = "<group>";
		};
		AEB94A531C48F46700390BB6 /* SwiftList */ = {
			isa = PBXGroup;
			children = (
				AEB94A541C48F46700390BB6 /* AppDelegate.swift */,
				AEE0CF741C491572006C448A /* Models */,
				AEB94A581C48F46700390BB6 /* Main.storyboard */,
				AEB94A5B1C48F46700390BB6 /* Assets.xcassets */,
				AEB94A5D1C48F46700390BB6 /* LaunchScreen.storyboard */,
				AEB94A601C48F46700390BB6 /* Info.plist */,
				AEE0CF751C491A1B006C448A /* TodoService.swift */,
				AEDB87431C4CEEAC00050BC8 /* TodoDelegate.swift */,
				AE73FF361C4E405A00200CA5 /* TodosTableViewController.swift */,
				AE73FF381C4E489400200CA5 /* AddViewController.swift */,
				AE73FF3A1C4E66A000200CA5 /* DetailsViewController.swift */,
			);
			path = SwiftList;
			sourceTree = "<group>";
		};
		AEB94A681C48F46700390BB6 /* SwiftListTests */ = {
			isa = PBXGroup;
			children = (
				AEE0CF771C491A5C006C448A /* TodoServiceTests.swift */,
				AEB94A691C48F46700390BB6 /* SwiftListTests.swift */,
				AEB94A6B1C48F46700390BB6 /* Info.plist */,
			);
			path = SwiftListTests;
			sourceTree = "<group>";
		};
		AEB94A731C48F46700390BB6 /* SwiftListUITests */ = {
			isa = PBXGroup;
			children = (
				AEB94A741C48F46700390BB6 /* SwiftListUITests.swift */,
				AEB94A761C48F46700390BB6 /* Info.plist */,
			);
			path = SwiftListUITests;
			sourceTree = "<group>";
		};
		AEE0CF741C491572006C448A /* Models */ = {
			isa = PBXGroup;
			children = (
				AEE0CF721C49155B006C448A /* Todo.swift */,
			);
			name = Models;
			sourceTree = "<group>";
		};
/* End PBXGroup section */

/* Begin PBXNativeTarget section */
		AEB94A501C48F46700390BB6 /* SwiftList */ = {
			isa = PBXNativeTarget;
			buildConfigurationList = AEB94A791C48F46700390BB6 /* Build configuration list for PBXNativeTarget "SwiftList" */;
			buildPhases = (
				AEB94A4D1C48F46700390BB6 /* Sources */,
				AEB94A4E1C48F46700390BB6 /* Frameworks */,
				AEB94A4F1C48F46700390BB6 /* Resources */,
				AE5951431C4903C9001D8232 /* ShellScript */,
			);
			buildRules = (
			);
			dependencies = (
			);
			name = SwiftList;
			productName = SwiftList;
			productReference = AEB94A511C48F46700390BB6 /* SwiftList.app */;
			productType = "com.apple.product-type.application";
		};
		AEB94A641C48F46700390BB6 /* SwiftListTests */ = {
			isa = PBXNativeTarget;
			buildConfigurationList = AEB94A7C1C48F46700390BB6 /* Build configuration list for PBXNativeTarget "SwiftListTests" */;
			buildPhases = (
				AEB94A611C48F46700390BB6 /* Sources */,
				AEB94A621C48F46700390BB6 /* Frameworks */,
				AEB94A631C48F46700390BB6 /* Resources */,
				AE5951471C4905CD001D8232 /* CopyFiles */,
			);
			buildRules = (
			);
			dependencies = (
				AEB94A671C48F46700390BB6 /* PBXTargetDependency */,
			);
			name = SwiftListTests;
			productName = SwiftListTests;
			productReference = AEB94A651C48F46700390BB6 /* SwiftListTests.xctest */;
			productType = "com.apple.product-type.bundle.unit-test";
		};
		AEB94A6F1C48F46700390BB6 /* SwiftListUITests */ = {
			isa = PBXNativeTarget;
			buildConfigurationList = AEB94A7F1C48F46700390BB6 /* Build configuration list for PBXNativeTarget "SwiftListUITests" */;
			buildPhases = (
				AEB94A6C1C48F46700390BB6 /* Sources */,
				AEB94A6D1C48F46700390BB6 /* Frameworks */,
				AEB94A6E1C48F46700390BB6 /* Resources */,
			);
			buildRules = (
			);
			dependencies = (
				AEB94A721C48F46700390BB6 /* PBXTargetDependency */,
			);
			name = SwiftListUITests;
			productName = SwiftListUITests;
			productReference = AEB94A701C48F46700390BB6 /* SwiftListUITests.xctest */;
			productType = "com.apple.product-type.bundle.ui-testing";
		};
/* End PBXNativeTarget section */

/* Begin PBXProject section */
		AEB94A491C48F46700390BB6 /* Project object */ = {
			isa = PBXProject;
			attributes = {
				LastSwiftUpdateCheck = 0720;
				LastUpgradeCheck = 0720;
				ORGANIZATIONNAME = Pivotal;
				TargetAttributes = {
					AEB94A501C48F46700390BB6 = {
						CreatedOnToolsVersion = 7.2;
					};
					AEB94A641C48F46700390BB6 = {
						CreatedOnToolsVersion = 7.2;
						TestTargetID = AEB94A501C48F46700390BB6;
					};
					AEB94A6F1C48F46700390BB6 = {
						CreatedOnToolsVersion = 7.2;
						TestTargetID = AEB94A501C48F46700390BB6;
					};
				};
			};
			buildConfigurationList = AEB94A4C1C48F46700390BB6 /* Build configuration list for PBXProject "SwiftList" */;
			compatibilityVersion = "Xcode 3.2";
			developmentRegion = English;
			hasScannedForEncodings = 0;
			knownRegions = (
				en,
				Base,
			);
			mainGroup = AEB94A481C48F46700390BB6;
			productRefGroup = AEB94A521C48F46700390BB6 /* Products */;
			projectDirPath = "";
			projectRoot = "";
			targets = (
				AEB94A501C48F46700390BB6 /* SwiftList */,
				AEB94A641C48F46700390BB6 /* SwiftListTests */,
				AEB94A6F1C48F46700390BB6 /* SwiftListUITests */,
			);
		};
/* End PBXProject section */

/* Begin PBXResourcesBuildPhase section */
		AEB94A4F1C48F46700390BB6 /* Resources */ = {
			isa = PBXResourcesBuildPhase;
			buildActionMask = 2147483647;
			files = (
				AEB94A5F1C48F46700390BB6 /* LaunchScreen.storyboard in Resources */,
				AEB94A5C1C48F46700390BB6 /* Assets.xcassets in Resources */,
				AEB94A5A1C48F46700390BB6 /* Main.storyboard in Resources */,
			);
			runOnlyForDeploymentPostprocessing = 0;
		};
		AEB94A631C48F46700390BB6 /* Resources */ = {
			isa = PBXResourcesBuildPhase;
			buildActionMask = 2147483647;
			files = (
			);
			runOnlyForDeploymentPostprocessing = 0;
		};
		AEB94A6E1C48F46700390BB6 /* Resources */ = {
			isa = PBXResourcesBuildPhase;
			buildActionMask = 2147483647;
			files = (
			);
			runOnlyForDeploymentPostprocessing = 0;
		};
/* End PBXResourcesBuildPhase section */

/* Begin PBXShellScriptBuildPhase section */
		AE5951431C4903C9001D8232 /* ShellScript */ = {
			isa = PBXShellScriptBuildPhase;
			buildActionMask = 2147483647;
			files = (
			);
			inputPaths = (
				"$(SRCROOT)/Carthage/Build/iOS/Alamofire.framework",
			);
			outputPaths = (
			);
			runOnlyForDeploymentPostprocessing = 0;
			shellPath = /bin/sh;
			shellScript = "/usr/local/bin/carthage copy-frameworks";
		};
/* End PBXShellScriptBuildPhase section */

/* Begin PBXSourcesBuildPhase section */
		AEB94A4D1C48F46700390BB6 /* Sources */ = {
			isa = PBXSourcesBuildPhase;
			buildActionMask = 2147483647;
			files = (
				AEE0CF731C49155B006C448A /* Todo.swift in Sources */,
				AE73FF391C4E489400200CA5 /* AddViewController.swift in Sources */,
				AEB94A551C48F46700390BB6 /* AppDelegate.swift in Sources */,
				AEE0CF761C491A1B006C448A /* TodoService.swift in Sources */,
				AE73FF3B1C4E66A000200CA5 /* DetailsViewController.swift in Sources */,
				AEDB87441C4CEEAC00050BC8 /* TodoDelegate.swift in Sources */,
				AE73FF371C4E405A00200CA5 /* TodosTableViewController.swift in Sources */,
			);
			runOnlyForDeploymentPostprocessing = 0;
		};
		AEB94A611C48F46700390BB6 /* Sources */ = {
			isa = PBXSourcesBuildPhase;
			buildActionMask = 2147483647;
			files = (
				AEB94A6A1C48F46700390BB6 /* SwiftListTests.swift in Sources */,
				AEE0CF781C491A5C006C448A /* TodoServiceTests.swift in Sources */,
			);
			runOnlyForDeploymentPostprocessing = 0;
		};
		AEB94A6C1C48F46700390BB6 /* Sources */ = {
			isa = PBXSourcesBuildPhase;
			buildActionMask = 2147483647;
			files = (
				AEB94A751C48F46700390BB6 /* SwiftListUITests.swift in Sources */,
			);
			runOnlyForDeploymentPostprocessing = 0;
		};
/* End PBXSourcesBuildPhase section */

/* Begin PBXTargetDependency section */
		AEB94A671C48F46700390BB6 /* PBXTargetDependency */ = {
			isa = PBXTargetDependency;
			target = AEB94A501C48F46700390BB6 /* SwiftList */;
			targetProxy = AEB94A661C48F46700390BB6 /* PBXContainerItemProxy */;
		};
		AEB94A721C48F46700390BB6 /* PBXTargetDependency */ = {
			isa = PBXTargetDependency;
			target = AEB94A501C48F46700390BB6 /* SwiftList */;
			targetProxy = AEB94A711C48F46700390BB6 /* PBXContainerItemProxy */;
		};
/* End PBXTargetDependency section */

/* Begin PBXVariantGroup section */
		AEB94A581C48F46700390BB6 /* Main.storyboard */ = {
			isa = PBXVariantGroup;
			children = (
				AEB94A591C48F46700390BB6 /* Base */,
			);
			name = Main.storyboard;
			sourceTree = "<group>";
		};
		AEB94A5D1C48F46700390BB6 /* LaunchScreen.storyboard */ = {
			isa = PBXVariantGroup;
			children = (
				AEB94A5E1C48F46700390BB6 /* Base */,
			);
			name = LaunchScreen.storyboard;
			sourceTree = "<group>";
		};
/* End PBXVariantGroup section */

/* Begin XCBuildConfiguration section */
		AEB94A771C48F46700390BB6 /* Debug */ = {
			isa = XCBuildConfiguration;
			buildSettings = {
				ALWAYS_SEARCH_USER_PATHS = NO;
				CLANG_CXX_LANGUAGE_STANDARD = "gnu++0x";
				CLANG_CXX_LIBRARY = "libc++";
				CLANG_ENABLE_MODULES = YES;
				CLANG_ENABLE_OBJC_ARC = YES;
				CLANG_WARN_BOOL_CONVERSION = YES;
				CLANG_WARN_CONSTANT_CONVERSION = YES;
				CLANG_WARN_DIRECT_OBJC_ISA_USAGE = YES_ERROR;
				CLANG_WARN_EMPTY_BODY = YES;
				CLANG_WARN_ENUM_CONVERSION = YES;
				CLANG_WARN_INT_CONVERSION = YES;
				CLANG_WARN_OBJC_ROOT_CLASS = YES_ERROR;
				CLANG_WARN_UNREACHABLE_CODE = YES;
				CLANG_WARN__DUPLICATE_METHOD_MATCH = YES;
				"CODE_SIGN_IDENTITY[sdk=iphoneos*]" = "iPhone Developer";
				COPY_PHASE_STRIP = NO;
				DEBUG_INFORMATION_FORMAT = dwarf;
				ENABLE_STRICT_OBJC_MSGSEND = YES;
				ENABLE_TESTABILITY = YES;
				GCC_C_LANGUAGE_STANDARD = gnu99;
				GCC_DYNAMIC_NO_PIC = NO;
				GCC_NO_COMMON_BLOCKS = YES;
				GCC_OPTIMIZATION_LEVEL = 0;
				GCC_PREPROCESSOR_DEFINITIONS = (
					"DEBUG=1",
					"$(inherited)",
				);
				GCC_WARN_64_TO_32_BIT_CONVERSION = YES;
				GCC_WARN_ABOUT_RETURN_TYPE = YES_ERROR;
				GCC_WARN_UNDECLARED_SELECTOR = YES;
				GCC_WARN_UNINITIALIZED_AUTOS = YES_AGGRESSIVE;
				GCC_WARN_UNUSED_FUNCTION = YES;
				GCC_WARN_UNUSED_VARIABLE = YES;
				IPHONEOS_DEPLOYMENT_TARGET = 9.2;
				MTL_ENABLE_DEBUG_INFO = YES;
				ONLY_ACTIVE_ARCH = YES;
				SDKROOT = iphoneos;
				SWIFT_OPTIMIZATION_LEVEL = "-Onone";
			};
			name = Debug;
		};
		AEB94A781C48F46700390BB6 /* Release */ = {
			isa = XCBuildConfiguration;
			buildSettings = {
				ALWAYS_SEARCH_USER_PATHS = NO;
				CLANG_CXX_LANGUAGE_STANDARD = "gnu++0x";
				CLANG_CXX_LIBRARY = "libc++";
				CLANG_ENABLE_MODULES = YES;
				CLANG_ENABLE_OBJC_ARC = YES;
				CLANG_WARN_BOOL_CONVERSION = YES;
				CLANG_WARN_CONSTANT_CONVERSION = YES;
				CLANG_WARN_DIRECT_OBJC_ISA_USAGE = YES_ERROR;
				CLANG_WARN_EMPTY_BODY = YES;
				CLANG_WARN_ENUM_CONVERSION = YES;
				CLANG_WARN_INT_CONVERSION = YES;
				CLANG_WARN_OBJC_ROOT_CLASS = YES_ERROR;
				CLANG_WARN_UNREACHABLE_CODE = YES;
				CLANG_WARN__DUPLICATE_METHOD_MATCH = YES;
				"CODE_SIGN_IDENTITY[sdk=iphoneos*]" = "iPhone Developer";
				COPY_PHASE_STRIP = NO;
				DEBUG_INFORMATION_FORMAT = "dwarf-with-dsym";
				ENABLE_NS_ASSERTIONS = NO;
				ENABLE_STRICT_OBJC_MSGSEND = YES;
				GCC_C_LANGUAGE_STANDARD = gnu99;
				GCC_NO_COMMON_BLOCKS = YES;
				GCC_WARN_64_TO_32_BIT_CONVERSION = YES;
				GCC_WARN_ABOUT_RETURN_TYPE = YES_ERROR;
				GCC_WARN_UNDECLARED_SELECTOR = YES;
				GCC_WARN_UNINITIALIZED_AUTOS = YES_AGGRESSIVE;
				GCC_WARN_UNUSED_FUNCTION = YES;
				GCC_WARN_UNUSED_VARIABLE = YES;
				IPHONEOS_DEPLOYMENT_TARGET = 9.2;
				MTL_ENABLE_DEBUG_INFO = NO;
				SDKROOT = iphoneos;
				VALIDATE_PRODUCT = YES;
			};
			name = Release;
		};
		AEB94A7A1C48F46700390BB6 /* Debug */ = {
			isa = XCBuildConfiguration;
			buildSettings = {
				ASSETCATALOG_COMPILER_APPICON_NAME = AppIcon;
				FRAMEWORK_SEARCH_PATHS = (
					"$(inherited)",
					"$(PROJECT_DIR)/Carthage/Build/iOS",
				);
				INFOPLIST_FILE = SwiftList/Info.plist;
				LD_RUNPATH_SEARCH_PATHS = "$(inherited) @executable_path/Frameworks";
				PRODUCT_BUNDLE_IDENTIFIER = io.pivotal.SwiftList;
				PRODUCT_NAME = "$(TARGET_NAME)";
			};
			name = Debug;
		};
		AEB94A7B1C48F46700390BB6 /* Release */ = {
			isa = XCBuildConfiguration;
			buildSettings = {
				ASSETCATALOG_COMPILER_APPICON_NAME = AppIcon;
				FRAMEWORK_SEARCH_PATHS = (
					"$(inherited)",
					"$(PROJECT_DIR)/Carthage/Build/iOS",
				);
				INFOPLIST_FILE = SwiftList/Info.plist;
				LD_RUNPATH_SEARCH_PATHS = "$(inherited) @executable_path/Frameworks";
				PRODUCT_BUNDLE_IDENTIFIER = io.pivotal.SwiftList;
				PRODUCT_NAME = "$(TARGET_NAME)";
			};
			name = Release;
		};
		AEB94A7D1C48F46700390BB6 /* Debug */ = {
			isa = XCBuildConfiguration;
			buildSettings = {
				BUNDLE_LOADER = "$(TEST_HOST)";
				FRAMEWORK_SEARCH_PATHS = (
					"$(inherited)",
					"$(PROJECT_DIR)/Carthage/Build/iOS",
				);
				INFOPLIST_FILE = SwiftListTests/Info.plist;
				LD_RUNPATH_SEARCH_PATHS = "$(inherited) @executable_path/Frameworks @loader_path/Frameworks";
				PRODUCT_BUNDLE_IDENTIFIER = io.pivotal.SwiftListTests;
				PRODUCT_NAME = "$(TARGET_NAME)";
				TEST_HOST = "$(BUILT_PRODUCTS_DIR)/SwiftList.app/SwiftList";
			};
			name = Debug;
		};
		AEB94A7E1C48F46700390BB6 /* Release */ = {
			isa = XCBuildConfiguration;
			buildSettings = {
				BUNDLE_LOADER = "$(TEST_HOST)";
				FRAMEWORK_SEARCH_PATHS = (
					"$(inherited)",
					"$(PROJECT_DIR)/Carthage/Build/iOS",
				);
				INFOPLIST_FILE = SwiftListTests/Info.plist;
				LD_RUNPATH_SEARCH_PATHS = "$(inherited) @executable_path/Frameworks @loader_path/Frameworks";
				PRODUCT_BUNDLE_IDENTIFIER = io.pivotal.SwiftListTests;
				PRODUCT_NAME = "$(TARGET_NAME)";
				TEST_HOST = "$(BUILT_PRODUCTS_DIR)/SwiftList.app/SwiftList";
			};
			name = Release;
		};
		AEB94A801C48F46700390BB6 /* Debug */ = {
			isa = XCBuildConfiguration;
			buildSettings = {
				INFOPLIST_FILE = SwiftListUITests/Info.plist;
				LD_RUNPATH_SEARCH_PATHS = "$(inherited) @executable_path/Frameworks @loader_path/Frameworks";
				PRODUCT_BUNDLE_IDENTIFIER = io.pivotal.SwiftListUITests;
				PRODUCT_NAME = "$(TARGET_NAME)";
				TEST_TARGET_NAME = SwiftList;
				USES_XCTRUNNER = YES;
			};
			name = Debug;
		};
		AEB94A811C48F46700390BB6 /* Release */ = {
			isa = XCBuildConfiguration;
			buildSettings = {
				INFOPLIST_FILE = SwiftListUITests/Info.plist;
				LD_RUNPATH_SEARCH_PATHS = "$(inherited) @executable_path/Frameworks @loader_path/Frameworks";
				PRODUCT_BUNDLE_IDENTIFIER = io.pivotal.SwiftListUITests;
				PRODUCT_NAME = "$(TARGET_NAME)";
				TEST_TARGET_NAME = SwiftList;
				USES_XCTRUNNER = YES;
			};
			name = Release;
		};
/* End XCBuildConfiguration section */

/* Begin XCConfigurationList section */
		AEB94A4C1C48F46700390BB6 /* Build configuration list for PBXProject "SwiftList" */ = {
			isa = XCConfigurationList;
			buildConfigurations = (
				AEB94A771C48F46700390BB6 /* Debug */,
				AEB94A781C48F46700390BB6 /* Release */,
			);
			defaultConfigurationIsVisible = 0;
			defaultConfigurationName = Release;
		};
		AEB94A791C48F46700390BB6 /* Build configuration list for PBXNativeTarget "SwiftList" */ = {
			isa = XCConfigurationList;
			buildConfigurations = (
				AEB94A7A1C48F46700390BB6 /* Debug */,
				AEB94A7B1C48F46700390BB6 /* Release */,
			);
			defaultConfigurationIsVisible = 0;
			defaultConfigurationName = Release;
		};
		AEB94A7C1C48F46700390BB6 /* Build configuration list for PBXNativeTarget "SwiftListTests" */ = {
			isa = XCConfigurationList;
			buildConfigurations = (
				AEB94A7D1C48F46700390BB6 /* Debug */,
				AEB94A7E1C48F46700390BB6 /* Release */,
			);
			defaultConfigurationIsVisible = 0;
			defaultConfigurationName = Release;
		};
		AEB94A7F1C48F46700390BB6 /* Build configuration list for PBXNativeTarget "SwiftListUITests" */ = {
			isa = XCConfigurationList;
			buildConfigurations = (
				AEB94A801C48F46700390BB6 /* Debug */,
				AEB94A811C48F46700390BB6 /* Release */,
			);
			defaultConfigurationIsVisible = 0;
			defaultConfigurationName = Release;
		};
/* End XCConfigurationList section */
	};
	rootObject = AEB94A491C48F46700390BB6 /* Project object */;
}
